
Microsoft Visual Studio Solution File, Format Version 12.00
# Visual Studio 15
VisualStudioVersion = 15.0.28307.645
MinimumVisualStudioVersion = 10.0.40219.1
Project("{9A19103F-16F7-4668-BE54-9A1E7A4F7556}") = "Numpy", "src\Numpy\Numpy.csproj", "{D527C885-AD64-4499-9E92-F9A543C0D14B}"
EndProject
Global
	GlobalSection(SolutionConfigurationPlatforms) = preSolution
		Debug|Any CPU = Debug|Any CPU
		Release|Any CPU = Release|Any CPU
	EndGlobalSection
	GlobalSection(ProjectConfigurationPlatforms) = postSolution
		{D527C885-AD64-4499-9E92-F9A543C0D14B}.Debug|Any CPU.ActiveCfg = Debug|Any CPU
		{D527C885-AD64-4499-9E92-F9A543C0D14B}.Debug|Any CPU.Build.0 = Debug|Any CPU
		{D527C885-AD64-4499-9E92-F9A543C0D14B}.Release|Any CPU.ActiveCfg = Release|Any CPU
		{D527C885-AD64-4499-9E92-F9A543C0D14B}.Release|Any CPU.Build.0 = Release|Any CPU
	EndGlobalSection
	GlobalSection(SolutionProperties) = preSolution
		HideSolutionNode = FALSE
	EndGlobalSection
	GlobalSection(ExtensibilityGlobals) = postSolution
		SolutionGuid = {5EB08541-5168-443C-B524-A5CB7E7C613D}
	EndGlobalSection
EndGlobal
