
Microsoft Visual Studio Solution File, Format Version 12.00
# Visual Studio 15
VisualStudioVersion = 15.0.28307.645
MinimumVisualStudioVersion = 10.0.40219.1
Project("{9A19103F-16F7-4668-BE54-9A1E7A4F7556}") = "Numpy", "src\Numpy\Numpy.csproj", "{D527C885-AD64-4499-9E92-F9A543C0D14B}"
EndProject
Project("{9A19103F-16F7-4668-BE54-9A1E7A4F7556}") = "Numpy.UnitTest", "test\Numpy.UnitTest\Numpy.UnitTest.csproj", "{1B69F24E-8C60-421D-B11B-5306ED7A060E}"
EndProject
Project("{2150E333-8FDC-42A3-9474-1A3956D46DE8}") = "Examples", "Examples", "{25D84E98-E107-45C9-A0EC-0B25E24DA607}"
EndProject
Project("{9A19103F-16F7-4668-BE54-9A1E7A4F7556}") = "MatmulExample", "src\Examples\MatmulExample\MatmulExample.csproj", "{A92C1287-BF2B-4FDC-8BBA-A17F410CD41F}"
EndProject
Project("{9A19103F-16F7-4668-BE54-9A1E7A4F7556}") = "Numpy.Bare", "src\Numpy.Bare\Numpy.Bare.csproj", "{DA501219-D114-4ED1-9B34-C39CC0480D04}"
EndProject
Project("{9A19103F-16F7-4668-BE54-9A1E7A4F7556}") = "Numpy.Bare.UnitTest", "test\Numpy.UnitTest\Numpy.Bare.UnitTest.csproj", "{3E69A902-0C8F-4FF4-BA27-EAB9D2E08FEA}"
EndProject
Project("{FAE04EC0-301F-11D3-BF4B-00C04F79EFBC}") = "ReleaseBot", "src\ReleaseBot\ReleaseBot.csproj", "{2BAEA60C-88A2-45DC-8044-2C9571E1B8CF}"
EndProject
Project("{FAE04EC0-301F-11D3-BF4B-00C04F79EFBC}") = "NeuralNetworkExample", "NeuralNetworkExample\NeuralNetworkExample.csproj", "{66A030C3-69B8-4A84-9F4B-308D66CF4FD3}"
EndProject
Global
	GlobalSection(SolutionConfigurationPlatforms) = preSolution
		Debug|Any CPU = Debug|Any CPU
		Release|Any CPU = Release|Any CPU
	EndGlobalSection
	GlobalSection(ProjectConfigurationPlatforms) = postSolution
		{D527C885-AD64-4499-9E92-F9A543C0D14B}.Debug|Any CPU.ActiveCfg = Debug|Any CPU
		{D527C885-AD64-4499-9E92-F9A543C0D14B}.Debug|Any CPU.Build.0 = Debug|Any CPU
		{D527C885-AD64-4499-9E92-F9A543C0D14B}.Release|Any CPU.ActiveCfg = Release|Any CPU
		{D527C885-AD64-4499-9E92-F9A543C0D14B}.Release|Any CPU.Build.0 = Release|Any CPU
		{1B69F24E-8C60-421D-B11B-5306ED7A060E}.Debug|Any CPU.ActiveCfg = Debug|Any CPU
		{1B69F24E-8C60-421D-B11B-5306ED7A060E}.Debug|Any CPU.Build.0 = Debug|Any CPU
		{1B69F24E-8C60-421D-B11B-5306ED7A060E}.Release|Any CPU.ActiveCfg = Release|Any CPU
		{1B69F24E-8C60-421D-B11B-5306ED7A060E}.Release|Any CPU.Build.0 = Release|Any CPU
		{A92C1287-BF2B-4FDC-8BBA-A17F410CD41F}.Debug|Any CPU.ActiveCfg = Debug|Any CPU
		{A92C1287-BF2B-4FDC-8BBA-A17F410CD41F}.Debug|Any CPU.Build.0 = Debug|Any CPU
		{A92C1287-BF2B-4FDC-8BBA-A17F410CD41F}.Release|Any CPU.ActiveCfg = Release|Any CPU
		{A92C1287-BF2B-4FDC-8BBA-A17F410CD41F}.Release|Any CPU.Build.0 = Release|Any CPU
		{DA501219-D114-4ED1-9B34-C39CC0480D04}.Debug|Any CPU.ActiveCfg = Debug|Any CPU
		{DA501219-D114-4ED1-9B34-C39CC0480D04}.Debug|Any CPU.Build.0 = Debug|Any CPU
		{DA501219-D114-4ED1-9B34-C39CC0480D04}.Release|Any CPU.ActiveCfg = Release|Any CPU
		{DA501219-D114-4ED1-9B34-C39CC0480D04}.Release|Any CPU.Build.0 = Release|Any CPU
		{3E69A902-0C8F-4FF4-BA27-EAB9D2E08FEA}.Debug|Any CPU.ActiveCfg = Debug|Any CPU
		{3E69A902-0C8F-4FF4-BA27-EAB9D2E08FEA}.Debug|Any CPU.Build.0 = Debug|Any CPU
		{3E69A902-0C8F-4FF4-BA27-EAB9D2E08FEA}.Release|Any CPU.ActiveCfg = Release|Any CPU
		{3E69A902-0C8F-4FF4-BA27-EAB9D2E08FEA}.Release|Any CPU.Build.0 = Release|Any CPU
		{2BAEA60C-88A2-45DC-8044-2C9571E1B8CF}.Debug|Any CPU.ActiveCfg = Debug|Any CPU
		{2BAEA60C-88A2-45DC-8044-2C9571E1B8CF}.Debug|Any CPU.Build.0 = Debug|Any CPU
		{2BAEA60C-88A2-45DC-8044-2C9571E1B8CF}.Release|Any CPU.ActiveCfg = Release|Any CPU
		{2BAEA60C-88A2-45DC-8044-2C9571E1B8CF}.Release|Any CPU.Build.0 = Release|Any CPU
		{66A030C3-69B8-4A84-9F4B-308D66CF4FD3}.Debug|Any CPU.ActiveCfg = Debug|Any CPU
		{66A030C3-69B8-4A84-9F4B-308D66CF4FD3}.Debug|Any CPU.Build.0 = Debug|Any CPU
		{66A030C3-69B8-4A84-9F4B-308D66CF4FD3}.Release|Any CPU.ActiveCfg = Release|Any CPU
		{66A030C3-69B8-4A84-9F4B-308D66CF4FD3}.Release|Any CPU.Build.0 = Release|Any CPU
	EndGlobalSection
	GlobalSection(SolutionProperties) = preSolution
		HideSolutionNode = FALSE
	EndGlobalSection
	GlobalSection(NestedProjects) = preSolution
		{A92C1287-BF2B-4FDC-8BBA-A17F410CD41F} = {25D84E98-E107-45C9-A0EC-0B25E24DA607}
		{66A030C3-69B8-4A84-9F4B-308D66CF4FD3} = {25D84E98-E107-45C9-A0EC-0B25E24DA607}
	EndGlobalSection
	GlobalSection(ExtensibilityGlobals) = postSolution
		SolutionGuid = {5EB08541-5168-443C-B524-A5CB7E7C613D}
	EndGlobalSection
EndGlobal
